# Code generated by scarb DO NOT EDIT.
version = 1

[[package]]
name = "dojo"
version = "1.8.0"
source = "git+https://github.com/dojoengine/dojo.git?tag=v1.8.0#843d276a42c3fc34084a88af9f11fa7690bf3d75"
dependencies = [
 "dojo_cairo_macros",
]

[[package]]
name = "dojo_cairo_macros"
version = "1.8.0"
source = "git+https://github.com/dojoengine/dojo.git?tag=v1.8.0#843d276a42c3fc34084a88af9f11fa7690bf3d75"

[[package]]
name = "dojo_cairo_test"
version = "1.8.0"
source = "git+https://github.com/dojoengine/dojo.git?tag=v1.8.0#843d276a42c3fc34084a88af9f11fa7690bf3d75"
dependencies = [
 "dojo",
]

[[package]]
name = "openzeppelin_access"
version = "3.0.0"
source = "git+https://github.com/OpenZeppelin/cairo-contracts.git?tag=v3.0.0#ddd3338e787a3fbf4a92b366640a57ee364390cb"
dependencies = [
 "openzeppelin_interfaces",
 "openzeppelin_introspection",
]

[[package]]
name = "openzeppelin_interfaces"
version = "2.1.0"
source = "git+https://github.com/OpenZeppelin/cairo-contracts.git?tag=v3.0.0#ddd3338e787a3fbf4a92b366640a57ee364390cb"

[[package]]
name = "openzeppelin_introspection"
version = "3.0.0"
source = "git+https://github.com/OpenZeppelin/cairo-contracts.git?tag=v3.0.0#ddd3338e787a3fbf4a92b366640a57ee364390cb"
dependencies = [
 "openzeppelin_interfaces",
]

[[package]]
name = "openzeppelin_token"
version = "3.0.0"
source = "git+https://github.com/OpenZeppelin/cairo-contracts.git?tag=v3.0.0#ddd3338e787a3fbf4a92b366640a57ee364390cb"
dependencies = [
 "openzeppelin_access",
 "openzeppelin_interfaces",
 "openzeppelin_introspection",
 "openzeppelin_utils",
]

[[package]]
name = "openzeppelin_utils"
version = "2.1.0"
source = "git+https://github.com/OpenZeppelin/cairo-contracts.git?tag=v3.0.0#ddd3338e787a3fbf4a92b366640a57ee364390cb"
dependencies = [
 "openzeppelin_interfaces",
]

[[package]]
name = "siege_dojo"
version = "1.0.0"
dependencies = [
 "dojo",
 "dojo_cairo_test",
 "openzeppelin_token",
]
